// !$*UTF8*$!
{
	archiveVersion = 1;
	classes = {
	};
	objectVersion = 46;
	objects = {

/* Begin PBXBuildFile section */
		D962A0D61BD72F4300DFE2B2 /* AppDelegate.swift in Sources */ = {isa = PBXBuildFile; fileRef = D962A0D51BD72F4300DFE2B2 /* AppDelegate.swift */; };
		D962A0D81BD72F4300DFE2B2 /* ViewController.swift in Sources */ = {isa = PBXBuildFile; fileRef = D962A0D71BD72F4300DFE2B2 /* ViewController.swift */; };
		D962A0DB1BD72F4300DFE2B2 /* Main.storyboard in Resources */ = {isa = PBXBuildFile; fileRef = D962A0D91BD72F4300DFE2B2 /* Main.storyboard */; };
		D962A0DD1BD72F4300DFE2B2 /* Assets.xcassets in Resources */ = {isa = PBXBuildFile; fileRef = D962A0DC1BD72F4300DFE2B2 /* Assets.xcassets */; };
		D962A0E01BD72F4300DFE2B2 /* LaunchScreen.storyboard in Resources */ = {isa = PBXBuildFile; fileRef = D962A0DE1BD72F4300DFE2B2 /* LaunchScreen.storyboard */; };
		E086775D6A64E3A3EDDF2505 /* Pods_Practice_Koloda_Injection.framework in Frameworks */ = {isa = PBXBuildFile; fileRef = 3FC7F768E6C68F5A6534FE50 /* Pods_Practice_Koloda_Injection.framework */; };
/* End PBXBuildFile section */

/* Begin PBXFileReference section */
		3FC7F768E6C68F5A6534FE50 /* Pods_Practice_Koloda_Injection.framework */ = {isa = PBXFileReference; explicitFileType = wrapper.framework; includeInIndex = 0; path = Pods_Practice_Koloda_Injection.framework; sourceTree = BUILT_PRODUCTS_DIR; };
		D962A0D21BD72F4300DFE2B2 /* Practice-Koloda-Injection.app */ = {isa = PBXFileReference; explicitFileType = wrapper.application; includeInIndex = 0; path = "Practice-Koloda-Injection.app"; sourceTree = BUILT_PRODUCTS_DIR; };
		D962A0D51BD72F4300DFE2B2 /* AppDelegate.swift */ = {isa = PBXFileReference; lastKnownFileType = sourcecode.swift; path = AppDelegate.swift; sourceTree = "<group>"; };
		D962A0D71BD72F4300DFE2B2 /* ViewController.swift */ = {isa = PBXFileReference; lastKnownFileType = sourcecode.swift; path = ViewController.swift; sourceTree = "<group>"; };
		D962A0DA1BD72F4300DFE2B2 /* Base */ = {isa = PBXFileReference; lastKnownFileType = file.storyboard; name = Base; path = Base.lproj/Main.storyboard; sourceTree = "<group>"; };
		D962A0DC1BD72F4300DFE2B2 /* Assets.xcassets */ = {isa = PBXFileReference; lastKnownFileType = folder.assetcatalog; path = Assets.xcassets; sourceTree = "<group>"; };
		D962A0DF1BD72F4300DFE2B2 /* Base */ = {isa = PBXFileReference; lastKnownFileType = file.storyboard; name = Base; path = Base.lproj/LaunchScreen.storyboard; sourceTree = "<group>"; };
		D962A0E11BD72F4300DFE2B2 /* Info.plist */ = {isa = PBXFileReference; lastKnownFileType = text.plist.xml; path = Info.plist; sourceTree = "<group>"; };
		EE3BDEB3F2ED0B3C69620AF1 /* Pods-Practice-Koloda-Injection.release.xcconfig */ = {isa = PBXFileReference; includeInIndex = 1; lastKnownFileType = text.xcconfig; name = "Pods-Practice-Koloda-Injection.release.xcconfig"; path = "Pods/Target Support Files/Pods-Practice-Koloda-Injection/Pods-Practice-Koloda-Injection.release.xcconfig"; sourceTree = "<group>"; };
		F3C9F2E3A3284E4874A14614 /* Pods-Practice-Koloda-Injection.debug.xcconfig */ = {isa = PBXFileReference; includeInIndex = 1; lastKnownFileType = text.xcconfig; name = "Pods-Practice-Koloda-Injection.debug.xcconfig"; path = "Pods/Target Support Files/Pods-Practice-Koloda-Injection/Pods-Practice-Koloda-Injection.debug.xcconfig"; sourceTree = "<group>"; };
/* End PBXFileReference section */

/* Begin PBXFrameworksBuildPhase section */
		D962A0CF1BD72F4300DFE2B2 /* Frameworks */ = {
			isa = PBXFrameworksBuildPhase;
			buildActionMask = 2147483647;
			files = (
				E086775D6A64E3A3EDDF2505 /* Pods_Practice_Koloda_Injection.framework in Frameworks */,
			);
			runOnlyForDeploymentPostprocessing = 0;
		};
/* End PBXFrameworksBuildPhase section */

/* Begin PBXGroup section */
		82A3C32C62B07AA86B3EDC71 /* Pods */ = {
			isa = PBXGroup;
			children = (
				F3C9F2E3A3284E4874A14614 /* Pods-Practice-Koloda-Injection.debug.xcconfig */,
				EE3BDEB3F2ED0B3C69620AF1 /* Pods-Practice-Koloda-Injection.release.xcconfig */,
			);
			name = Pods;
			sourceTree = "<group>";
		};
		D962A0C91BD72F4300DFE2B2 = {
			isa = PBXGroup;
			children = (
				D962A0D41BD72F4300DFE2B2 /* Practice-Koloda-Injection */,
				D962A0D31BD72F4300DFE2B2 /* Products */,
				82A3C32C62B07AA86B3EDC71 /* Pods */,
				F0B3508015972065A85BBC5C /* Frameworks */,
			);
			sourceTree = "<group>";
		};
		D962A0D31BD72F4300DFE2B2 /* Products */ = {
			isa = PBXGroup;
			children = (
				D962A0D21BD72F4300DFE2B2 /* Practice-Koloda-Injection.app */,
			);
			name = Products;
			sourceTree = "<group>";
		};
		D962A0D41BD72F4300DFE2B2 /* Practice-Koloda-Injection */ = {
			isa = PBXGroup;
			children = (
				D962A0D51BD72F4300DFE2B2 /* AppDelegate.swift */,
				D962A0D71BD72F4300DFE2B2 /* ViewController.swift */,
				D962A0D91BD72F4300DFE2B2 /* Main.storyboard */,
				D962A0DC1BD72F4300DFE2B2 /* Assets.xcassets */,
				D962A0DE1BD72F4300DFE2B2 /* LaunchScreen.storyboard */,
				D962A0E11BD72F4300DFE2B2 /* Info.plist */,
			);
			path = "Practice-Koloda-Injection";
			sourceTree = "<group>";
		};
		F0B3508015972065A85BBC5C /* Frameworks */ = {
			isa = PBXGroup;
			children = (
				3FC7F768E6C68F5A6534FE50 /* Pods_Practice_Koloda_Injection.framework */,
			);
			name = Frameworks;
			sourceTree = "<group>";
		};
/* End PBXGroup section */

/* Begin PBXNativeTarget section */
		D962A0D11BD72F4300DFE2B2 /* Practice-Koloda-Injection */ = {
			isa = PBXNativeTarget;
			buildConfigurationList = D962A0E41BD72F4300DFE2B2 /* Build configuration list for PBXNativeTarget "Practice-Koloda-Injection" */;
			buildPhases = (
				58715B5F0E63B3D546FCFFF8 /* Check Pods Manifest.lock */,
				D962A0CE1BD72F4300DFE2B2 /* Sources */,
				D962A0CF1BD72F4300DFE2B2 /* Frameworks */,
				D962A0D01BD72F4300DFE2B2 /* Resources */,
				C200F4CD39A569A6C4F3F34F /* Embed Pods Frameworks */,
				96AEF5A171BB6EE14AC933CC /* Copy Pods Resources */,
			);
			buildRules = (
			);
			dependencies = (
			);
			name = "Practice-Koloda-Injection";
			productName = "Practice-Koloda-Injection";
			productReference = D962A0D21BD72F4300DFE2B2 /* Practice-Koloda-Injection.app */;
			productType = "com.apple.product-type.application";
		};
/* End PBXNativeTarget section */

/* Begin PBXProject section */
		D962A0CA1BD72F4300DFE2B2 /* Project object */ = {
			isa = PBXProject;
			attributes = {
				LastUpgradeCheck = 0700;
				ORGANIZATIONNAME = "Terry Bu";
				TargetAttributes = {
					D962A0D11BD72F4300DFE2B2 = {
						CreatedOnToolsVersion = 7.0.1;
					};
				};
			};
			buildConfigurationList = D962A0CD1BD72F4300DFE2B2 /* Build configuration list for PBXProject "Practice-Koloda-Injection" */;
			compatibilityVersion = "Xcode 3.2";
			developmentRegion = English;
			hasScannedForEncodings = 0;
			knownRegions = (
				en,
				Base,
			);
			mainGroup = D962A0C91BD72F4300DFE2B2;
			productRefGroup = D962A0D31BD72F4300DFE2B2 /* Products */;
			projectDirPath = "";
			projectRoot = "";
			targets = (
				D962A0D11BD72F4300DFE2B2 /* Practice-Koloda-Injection */,
			);
		};
/* End PBXProject section */

/* Begin PBXResourcesBuildPhase section */
		D962A0D01BD72F4300DFE2B2 /* Resources */ = {
			isa = PBXResourcesBuildPhase;
			buildActionMask = 2147483647;
			files = (
				D962A0E01BD72F4300DFE2B2 /* LaunchScreen.storyboard in Resources */,
				D962A0DD1BD72F4300DFE2B2 /* Assets.xcassets in Resources */,
				D962A0DB1BD72F4300DFE2B2 /* Main.storyboard in Resources */,
			);
			runOnlyForDeploymentPostprocessing = 0;
		};
/* End PBXResourcesBuildPhase section */

/* Begin PBXShellScriptBuildPhase section */
		58715B5F0E63B3D546FCFFF8 /* Check Pods Manifest.lock */ = {
			isa = PBXShellScriptBuildPhase;
			buildActionMask = 2147483647;
			files = (
			);
			inputPaths = (
			);
			name = "Check Pods Manifest.lock";
			outputPaths = (
			);
			runOnlyForDeploymentPostprocessing = 0;
			shellPath = /bin/sh;
			shellScript = "diff \"${PODS_ROOT}/../Podfile.lock\" \"${PODS_ROOT}/Manifest.lock\" > /dev/null\nif [[ $? != 0 ]] ; then\n    cat << EOM\nerror: The sandbox is not in sync with the Podfile.lock. Run 'pod install' or update your CocoaPods installation.\nEOM\n    exit 1\nfi\n";
			showEnvVarsInLog = 0;
		};
		96AEF5A171BB6EE14AC933CC /* Copy Pods Resources */ = {
			isa = PBXShellScriptBuildPhase;
			buildActionMask = 2147483647;
			files = (
			);
			inputPaths = (
			);
			name = "Copy Pods Resources";
			outputPaths = (
			);
			runOnlyForDeploymentPostprocessing = 0;
			shellPath = /bin/sh;
			shellScript = "\"${SRCROOT}/Pods/Target Support Files/Pods-Practice-Koloda-Injection/Pods-Practice-Koloda-Injection-resources.sh\"\n";
			showEnvVarsInLog = 0;
		};
		C200F4CD39A569A6C4F3F34F /* Embed Pods Frameworks */ = {
			isa = PBXShellScriptBuildPhase;
			buildActionMask = 2147483647;
			files = (
			);
			inputPaths = (
			);
			name = "Embed Pods Frameworks";
			outputPaths = (
			);
			runOnlyForDeploymentPostprocessing = 0;
			shellPath = /bin/sh;
			shellScript = "\"${SRCROOT}/Pods/Target Support Files/Pods-Practice-Koloda-Injection/Pods-Practice-Koloda-Injection-frameworks.sh\"\n";
			showEnvVarsInLog = 0;
		};
/* End PBXShellScriptBuildPhase section */

/* Begin PBXSourcesBuildPhase section */
		D962A0CE1BD72F4300DFE2B2 /* Sources */ = {
			isa = PBXSourcesBuildPhase;
			buildActionMask = 2147483647;
			files = (
				D962A0D81BD72F4300DFE2B2 /* ViewController.swift in Sources */,
				D962A0D61BD72F4300DFE2B2 /* AppDelegate.swift in Sources */,
			);
			runOnlyForDeploymentPostprocessing = 0;
		};
/* End PBXSourcesBuildPhase section */

/* Begin PBXVariantGroup section */
		D962A0D91BD72F4300DFE2B2 /* Main.storyboard */ = {
			isa = PBXVariantGroup;
			children = (
				D962A0DA1BD72F4300DFE2B2 /* Base */,
			);
			name = Main.storyboard;
			sourceTree = "<group>";
		};
		D962A0DE1BD72F4300DFE2B2 /* LaunchScreen.storyboard */ = {
			isa = PBXVariantGroup;
			children = (
				D962A0DF1BD72F4300DFE2B2 /* Base */,
			);
			name = LaunchScreen.storyboard;
			sourceTree = "<group>";
		};
/* End PBXVariantGroup section */

/* Begin XCBuildConfiguration section */
		D962A0E21BD72F4300DFE2B2 /* Debug */ = {
			isa = XCBuildConfiguration;
			buildSettings = {
				ALWAYS_SEARCH_USER_PATHS = NO;
				CLANG_CXX_LANGUAGE_STANDARD = "gnu++0x";
				CLANG_CXX_LIBRARY = "libc++";
				CLANG_ENABLE_MODULES = YES;
				CLANG_ENABLE_OBJC_ARC = YES;
				CLANG_WARN_BOOL_CONVERSION = YES;
				CLANG_WARN_CONSTANT_CONVERSION = YES;
				CLANG_WARN_DIRECT_OBJC_ISA_USAGE = YES_ERROR;
				CLANG_WARN_EMPTY_BODY = YES;
				CLANG_WARN_ENUM_CONVERSION = YES;
				CLANG_WARN_INT_CONVERSION = YES;
				CLANG_WARN_OBJC_ROOT_CLASS = YES_ERROR;
				CLANG_WARN_UNREACHABLE_CODE = YES;
				CLANG_WARN__DUPLICATE_METHOD_MATCH = YES;
				"CODE_SIGN_IDENTITY[sdk=iphoneos*]" = "iPhone Developer";
				COPY_PHASE_STRIP = NO;
				DEBUG_INFORMATION_FORMAT = dwarf;
				ENABLE_STRICT_OBJC_MSGSEND = YES;
				ENABLE_TESTABILITY = YES;
				GCC_C_LANGUAGE_STANDARD = gnu99;
				GCC_DYNAMIC_NO_PIC = NO;
				GCC_NO_COMMON_BLOCKS = YES;
				GCC_OPTIMIZATION_LEVEL = 0;
				GCC_PREPROCESSOR_DEFINITIONS = (
					"DEBUG=1",
					"$(inherited)",
				);
				GCC_WARN_64_TO_32_BIT_CONVERSION = YES;
				GCC_WARN_ABOUT_RETURN_TYPE = YES_ERROR;
				GCC_WARN_UNDECLARED_SELECTOR = YES;
				GCC_WARN_UNINITIALIZED_AUTOS = YES_AGGRESSIVE;
				GCC_WARN_UNUSED_FUNCTION = YES;
				GCC_WARN_UNUSED_VARIABLE = YES;
				IPHONEOS_DEPLOYMENT_TARGET = 9.0;
				MTL_ENABLE_DEBUG_INFO = YES;
				ONLY_ACTIVE_ARCH = YES;
				SDKROOT = iphoneos;
				SWIFT_OPTIMIZATION_LEVEL = "-Onone";
				TARGETED_DEVICE_FAMILY = "1,2";
			};
			name = Debug;
		};
		D962A0E31BD72F4300DFE2B2 /* Release */ = {
			isa = XCBuildConfiguration;
			buildSettings = {
				ALWAYS_SEARCH_USER_PATHS = NO;
				CLANG_CXX_LANGUAGE_STANDARD = "gnu++0x";
				CLANG_CXX_LIBRARY = "libc++";
				CLANG_ENABLE_MODULES = YES;
				CLANG_ENABLE_OBJC_ARC = YES;
				CLANG_WARN_BOOL_CONVERSION = YES;
				CLANG_WARN_CONSTANT_CONVERSION = YES;
				CLANG_WARN_DIRECT_OBJC_ISA_USAGE = YES_ERROR;
				CLANG_WARN_EMPTY_BODY = YES;
				CLANG_WARN_ENUM_CONVERSION = YES;
				CLANG_WARN_INT_CONVERSION = YES;
				CLANG_WARN_OBJC_ROOT_CLASS = YES_ERROR;
				CLANG_WARN_UNREACHABLE_CODE = YES;
				CLANG_WARN__DUPLICATE_METHOD_MATCH = YES;
				"CODE_SIGN_IDENTITY[sdk=iphoneos*]" = "iPhone Developer";
				COPY_PHASE_STRIP = NO;
				DEBUG_INFORMATION_FORMAT = "dwarf-with-dsym";
				ENABLE_NS_ASSERTIONS = NO;
				ENABLE_STRICT_OBJC_MSGSEND = YES;
				GCC_C_LANGUAGE_STANDARD = gnu99;
				GCC_NO_COMMON_BLOCKS = YES;
				GCC_WARN_64_TO_32_BIT_CONVERSION = YES;
				GCC_WARN_ABOUT_RETURN_TYPE = YES_ERROR;
				GCC_WARN_UNDECLARED_SELECTOR = YES;
				GCC_WARN_UNINITIALIZED_AUTOS = YES_AGGRESSIVE;
				GCC_WARN_UNUSED_FUNCTION = YES;
				GCC_WARN_UNUSED_VARIABLE = YES;
				IPHONEOS_DEPLOYMENT_TARGET = 9.0;
				MTL_ENABLE_DEBUG_INFO = NO;
				SDKROOT = iphoneos;
				TARGETED_DEVICE_FAMILY = "1,2";
				VALIDATE_PRODUCT = YES;
			};
			name = Release;
		};
		D962A0E51BD72F4300DFE2B2 /* Debug */ = {
			isa = XCBuildConfiguration;
			baseConfigurationReference = F3C9F2E3A3284E4874A14614 /* Pods-Practice-Koloda-Injection.debug.xcconfig */;
			buildSettings = {
				ASSETCATALOG_COMPILER_APPICON_NAME = AppIcon;
				INFOPLIST_FILE = "Practice-Koloda-Injection/Info.plist";
				LD_RUNPATH_SEARCH_PATHS = "$(inherited) @executable_path/Frameworks";
				PRODUCT_BUNDLE_IDENTIFIER = "com.terrybu.Practice-Koloda-Injection";
				PRODUCT_NAME = "$(TARGET_NAME)";
			};
			name = Debug;
		};
		D962A0E61BD72F4300DFE2B2 /* Release */ = {
			isa = XCBuildConfiguration;
			baseConfigurationReference = EE3BDEB3F2ED0B3C69620AF1 /* Pods-Practice-Koloda-Injection.release.xcconfig */;
			buildSettings = {
				ASSETCATALOG_COMPILER_APPICON_NAME = AppIcon;
				INFOPLIST_FILE = "Practice-Koloda-Injection/Info.plist";
				LD_RUNPATH_SEARCH_PATHS = "$(inherited) @executable_path/Frameworks";
				PRODUCT_BUNDLE_IDENTIFIER = "com.terrybu.Practice-Koloda-Injection";
				PRODUCT_NAME = "$(TARGET_NAME)";
			};
			name = Release;
		};
/* End XCBuildConfiguration section */

/* Begin XCConfigurationList section */
		D962A0CD1BD72F4300DFE2B2 /* Build configuration list for PBXProject "Practice-Koloda-Injection" */ = {
			isa = XCConfigurationList;
			buildConfigurations = (
				D962A0E21BD72F4300DFE2B2 /* Debug */,
				D962A0E31BD72F4300DFE2B2 /* Release */,
			);
			defaultConfigurationIsVisible = 0;
			defaultConfigurationName = Release;
		};
		D962A0E41BD72F4300DFE2B2 /* Build configuration list for PBXNativeTarget "Practice-Koloda-Injection" */ = {
			isa = XCConfigurationList;
			buildConfigurations = (
				D962A0E51BD72F4300DFE2B2 /* Debug */,
				D962A0E61BD72F4300DFE2B2 /* Release */,
			);
			defaultConfigurationIsVisible = 0;
			defaultConfigurationName = Release;
		};
/* End XCConfigurationList section */
	};
	rootObject = D962A0CA1BD72F4300DFE2B2 /* Project object */;
}
